
Microsoft Visual Studio Solution File, Format Version 12.00
# Visual Studio Version 16
VisualStudioVersion = 16.0.31410.357
MinimumVisualStudioVersion = 10.0.40219.1
Project("{FAE04EC0-301F-11D3-BF4B-00C04F79EFBC}") = "EmailTest", "EmailTest\EmailTest.csproj", "{A8E2AD30-F5F9-4C63-9874-E335C82E1CE5}"
EndProject
Global
	GlobalSection(SolutionConfigurationPlatforms) = preSolution
		Debug|Any CPU = Debug|Any CPU
		Release|Any CPU = Release|Any CPU
	EndGlobalSection
	GlobalSection(ProjectConfigurationPlatforms) = postSolution
		{A8E2AD30-F5F9-4C63-9874-E335C82E1CE5}.Debug|Any CPU.ActiveCfg = Debug|Any CPU
		{A8E2AD30-F5F9-4C63-9874-E335C82E1CE5}.Debug|Any CPU.Build.0 = Debug|Any CPU
		{A8E2AD30-F5F9-4C63-9874-E335C82E1CE5}.Release|Any CPU.ActiveCfg = Release|Any CPU
		{A8E2AD30-F5F9-4C63-9874-E335C82E1CE5}.Release|Any CPU.Build.0 = Release|Any CPU
	EndGlobalSection
	GlobalSection(SolutionProperties) = preSolution
		HideSolutionNode = FALSE
	EndGlobalSection
	GlobalSection(ExtensibilityGlobals) = postSolution
		SolutionGuid = {AFF59995-F5CC-44F2-8D87-E92BF8DE22C2}
	EndGlobalSection
EndGlobal
